
Microsoft Visual Studio Solution File, Format Version 12.00
# Visual Studio 14
VisualStudioVersion = 14.0.23107.0
MinimumVisualStudioVersion = 10.0.40219.1
Project("{2150E333-8FDC-42A3-9474-1A3956D46DE8}") = "0 - Tests", "0 - Tests", "{CDBA0A61-57A2-48D1-A668-170CD439D40A}"
EndProject
Project("{2150E333-8FDC-42A3-9474-1A3956D46DE8}") = "1 - Presenter", "1 - Presenter", "{12D304CF-3905-43D0-99E1-C10D567610D7}"
EndProject
Project("{2150E333-8FDC-42A3-9474-1A3956D46DE8}") = "3 - Service", "3 - Service", "{107AEEBD-BE91-4FAC-B199-7AD0E0F01E7D}"
EndProject
Project("{2150E333-8FDC-42A3-9474-1A3956D46DE8}") = "2 - Application", "2 - Application", "{9F2F8ADE-C2DC-4D6E-B8B3-BFA7CD3A6FD9}"
EndProject
Project("{2150E333-8FDC-42A3-9474-1A3956D46DE8}") = "4 - Domain", "4 - Domain", "{BC7859C0-B0B1-4795-8D9C-DD66E231F36E}"
EndProject
Project("{2150E333-8FDC-42A3-9474-1A3956D46DE8}") = "5 - Infra", "5 - Infra", "{ECEB420C-F9C0-40C7-887E-0B24BF290640}"
EndProject
Project("{2150E333-8FDC-42A3-9474-1A3956D46DE8}") = "5.1 - CrossCuting", "5.1 - CrossCuting", "{EA0F5212-23C3-4AC7-907B-49DC35DD3511}"
EndProject
Project("{2150E333-8FDC-42A3-9474-1A3956D46DE8}") = "5.2 - Data", "5.2 - Data", "{E7FDDA85-CD0D-4550-A42B-38F4B264DD61}"
EndProject
Project("{FAE04EC0-301F-11D3-BF4B-00C04F79EFBC}") = "ArquiteturaDDD.UnitTest", "ArquiteturaDDD.UnitTest\ArquiteturaDDD.UnitTest.csproj", "{AFEC4FDA-4531-4FC8-A41B-8C03EB19377F}"
EndProject
Project("{FAE04EC0-301F-11D3-BF4B-00C04F79EFBC}") = "ArquiteturaDDD.UI.MVC", "ArquiteturaDDD.UI.MVC\ArquiteturaDDD.UI.MVC.csproj", "{7BE0FA64-6CE7-4414-B58C-599AFC071EC0}"
EndProject
Project("{FAE04EC0-301F-11D3-BF4B-00C04F79EFBC}") = "ArquiteturaDDD.Service", "ArquiteturaDDD.Service\ArquiteturaDDD.Service.csproj", "{54B3948F-C5A6-41A7-A403-210486E2F7A8}"
EndProject
Project("{FAE04EC0-301F-11D3-BF4B-00C04F79EFBC}") = "ArquiteturaDDD.Application", "ArquiteturaDDD.Application\ArquiteturaDDD.Application.csproj", "{6C3BA70F-C4CE-4663-8176-486E8CA3E9E2}"
EndProject
Project("{FAE04EC0-301F-11D3-BF4B-00C04F79EFBC}") = "ArquiteturaDDD.Domain", "ArquiteturaDDD.Domain\ArquiteturaDDD.Domain.csproj", "{1A8BA274-EE16-44BB-B3E6-B306256C4E83}"
EndProject
Project("{FAE04EC0-301F-11D3-BF4B-00C04F79EFBC}") = "ArquiteturaDDD.Infra.IoC", "ArquiteturaDDD.Infra.IoC\ArquiteturaDDD.Infra.IoC.csproj", "{2F3CF864-F35A-4D8D-B3C6-F1D1B72E618D}"
EndProject
Project("{FAE04EC0-301F-11D3-BF4B-00C04F79EFBC}") = "ArquiteturaDDD.Infra.Data", "ArquiteturaDDD.Infra.Data\ArquiteturaDDD.Infra.Data.csproj", "{CF0C0FAA-1C07-4C76-8D53-687777336565}"
EndProject
Global
	GlobalSection(SolutionConfigurationPlatforms) = preSolution
		Debug|Any CPU = Debug|Any CPU
		Release|Any CPU = Release|Any CPU
	EndGlobalSection
	GlobalSection(ProjectConfigurationPlatforms) = postSolution
		{AFEC4FDA-4531-4FC8-A41B-8C03EB19377F}.Debug|Any CPU.ActiveCfg = Debug|Any CPU
		{AFEC4FDA-4531-4FC8-A41B-8C03EB19377F}.Debug|Any CPU.Build.0 = Debug|Any CPU
		{AFEC4FDA-4531-4FC8-A41B-8C03EB19377F}.Release|Any CPU.ActiveCfg = Release|Any CPU
		{AFEC4FDA-4531-4FC8-A41B-8C03EB19377F}.Release|Any CPU.Build.0 = Release|Any CPU
		{7BE0FA64-6CE7-4414-B58C-599AFC071EC0}.Debug|Any CPU.ActiveCfg = Debug|Any CPU
		{7BE0FA64-6CE7-4414-B58C-599AFC071EC0}.Debug|Any CPU.Build.0 = Debug|Any CPU
		{7BE0FA64-6CE7-4414-B58C-599AFC071EC0}.Release|Any CPU.ActiveCfg = Release|Any CPU
		{7BE0FA64-6CE7-4414-B58C-599AFC071EC0}.Release|Any CPU.Build.0 = Release|Any CPU
		{54B3948F-C5A6-41A7-A403-210486E2F7A8}.Debug|Any CPU.ActiveCfg = Debug|Any CPU
		{54B3948F-C5A6-41A7-A403-210486E2F7A8}.Debug|Any CPU.Build.0 = Debug|Any CPU
		{54B3948F-C5A6-41A7-A403-210486E2F7A8}.Release|Any CPU.ActiveCfg = Release|Any CPU
		{54B3948F-C5A6-41A7-A403-210486E2F7A8}.Release|Any CPU.Build.0 = Release|Any CPU
		{6C3BA70F-C4CE-4663-8176-486E8CA3E9E2}.Debug|Any CPU.ActiveCfg = Debug|Any CPU
		{6C3BA70F-C4CE-4663-8176-486E8CA3E9E2}.Debug|Any CPU.Build.0 = Debug|Any CPU
		{6C3BA70F-C4CE-4663-8176-486E8CA3E9E2}.Release|Any CPU.ActiveCfg = Release|Any CPU
		{6C3BA70F-C4CE-4663-8176-486E8CA3E9E2}.Release|Any CPU.Build.0 = Release|Any CPU
		{1A8BA274-EE16-44BB-B3E6-B306256C4E83}.Debug|Any CPU.ActiveCfg = Debug|Any CPU
		{1A8BA274-EE16-44BB-B3E6-B306256C4E83}.Debug|Any CPU.Build.0 = Debug|Any CPU
		{1A8BA274-EE16-44BB-B3E6-B306256C4E83}.Release|Any CPU.ActiveCfg = Release|Any CPU
		{1A8BA274-EE16-44BB-B3E6-B306256C4E83}.Release|Any CPU.Build.0 = Release|Any CPU
		{2F3CF864-F35A-4D8D-B3C6-F1D1B72E618D}.Debug|Any CPU.ActiveCfg = Debug|Any CPU
		{2F3CF864-F35A-4D8D-B3C6-F1D1B72E618D}.Debug|Any CPU.Build.0 = Debug|Any CPU
		{2F3CF864-F35A-4D8D-B3C6-F1D1B72E618D}.Release|Any CPU.ActiveCfg = Release|Any CPU
		{2F3CF864-F35A-4D8D-B3C6-F1D1B72E618D}.Release|Any CPU.Build.0 = Release|Any CPU
		{CF0C0FAA-1C07-4C76-8D53-687777336565}.Debug|Any CPU.ActiveCfg = Debug|Any CPU
		{CF0C0FAA-1C07-4C76-8D53-687777336565}.Debug|Any CPU.Build.0 = Debug|Any CPU
		{CF0C0FAA-1C07-4C76-8D53-687777336565}.Release|Any CPU.ActiveCfg = Release|Any CPU
		{CF0C0FAA-1C07-4C76-8D53-687777336565}.Release|Any CPU.Build.0 = Release|Any CPU
	EndGlobalSection
	GlobalSection(SolutionProperties) = preSolution
		HideSolutionNode = FALSE
	EndGlobalSection
	GlobalSection(NestedProjects) = preSolution
		{EA0F5212-23C3-4AC7-907B-49DC35DD3511} = {ECEB420C-F9C0-40C7-887E-0B24BF290640}
		{E7FDDA85-CD0D-4550-A42B-38F4B264DD61} = {ECEB420C-F9C0-40C7-887E-0B24BF290640}
		{AFEC4FDA-4531-4FC8-A41B-8C03EB19377F} = {CDBA0A61-57A2-48D1-A668-170CD439D40A}
		{7BE0FA64-6CE7-4414-B58C-599AFC071EC0} = {12D304CF-3905-43D0-99E1-C10D567610D7}
		{54B3948F-C5A6-41A7-A403-210486E2F7A8} = {107AEEBD-BE91-4FAC-B199-7AD0E0F01E7D}
		{6C3BA70F-C4CE-4663-8176-486E8CA3E9E2} = {9F2F8ADE-C2DC-4D6E-B8B3-BFA7CD3A6FD9}
		{1A8BA274-EE16-44BB-B3E6-B306256C4E83} = {BC7859C0-B0B1-4795-8D9C-DD66E231F36E}
		{2F3CF864-F35A-4D8D-B3C6-F1D1B72E618D} = {EA0F5212-23C3-4AC7-907B-49DC35DD3511}
		{CF0C0FAA-1C07-4C76-8D53-687777336565} = {E7FDDA85-CD0D-4550-A42B-38F4B264DD61}
	EndGlobalSection
EndGlobal
